// !$*UTF8*$!
{
	archiveVersion = 1;
	classes = {
	};
	objectVersion = 56;
	objects = {

/* Begin PBXBuildFile section */
		530A57682C136C540045D5CC /* Enemy.swift in Sources */ = {isa = PBXBuildFile; fileRef = 530A57672C136C540045D5CC /* Enemy.swift */; };
		530F49702C19DC1500FF8BEF /* NPC.swift in Sources */ = {isa = PBXBuildFile; fileRef = 530F496F2C19DC1500FF8BEF /* NPC.swift */; };
		534FC2392C12E10500E8F95A /* BattleScene.sks in Resources */ = {isa = PBXBuildFile; fileRef = 534FC2382C12E10500E8F95A /* BattleScene.sks */; };
		534FC23B2C12E28700E8F95A /* BattleScene.swift in Sources */ = {isa = PBXBuildFile; fileRef = 534FC23A2C12E28700E8F95A /* BattleScene.swift */; };
		538C4F772C0F598800EE409B /* AppDelegate.swift in Sources */ = {isa = PBXBuildFile; fileRef = 538C4F762C0F598800EE409B /* AppDelegate.swift */; };
		538C4F792C0F598800EE409B /* GameScene.sks in Resources */ = {isa = PBXBuildFile; fileRef = 538C4F782C0F598800EE409B /* GameScene.sks */; };
		538C4F7D2C0F598800EE409B /* GameScene.swift in Sources */ = {isa = PBXBuildFile; fileRef = 538C4F7C2C0F598800EE409B /* GameScene.swift */; };
		538C4F7F2C0F598800EE409B /* ViewController.swift in Sources */ = {isa = PBXBuildFile; fileRef = 538C4F7E2C0F598800EE409B /* ViewController.swift */; };
		538C4F812C0F598900EE409B /* Assets.xcassets in Resources */ = {isa = PBXBuildFile; fileRef = 538C4F802C0F598900EE409B /* Assets.xcassets */; };
		538C4F842C0F598900EE409B /* Base in Resources */ = {isa = PBXBuildFile; fileRef = 538C4F832C0F598900EE409B /* Base */; };
		53BC73F92C173DA600A9E112 /* StartScene.swift in Sources */ = {isa = PBXBuildFile; fileRef = 53BC73F82C173DA600A9E112 /* StartScene.swift */; };
		53BC73FB2C173DB400A9E112 /* StartScene.sks in Resources */ = {isa = PBXBuildFile; fileRef = 53BC73FA2C173DB400A9E112 /* StartScene.sks */; };
		53BC74002C182B6800A9E112 /* Status.swift in Sources */ = {isa = PBXBuildFile; fileRef = 53BC73FF2C182B6800A9E112 /* Status.swift */; };
		53BC74022C182B8A00A9E112 /* Direction.swift in Sources */ = {isa = PBXBuildFile; fileRef = 53BC74012C182B8A00A9E112 /* Direction.swift */; };
		53E3F3A62C10A4210023E1C0 /* GameTileSet.sks in Resources */ = {isa = PBXBuildFile; fileRef = 53E3F3A52C10A4210023E1C0 /* GameTileSet.sks */; };
		53E3F3AF2C11FAB90023E1C0 /* Player.swift in Sources */ = {isa = PBXBuildFile; fileRef = 53E3F3AE2C11FAB90023E1C0 /* Player.swift */; };
		53FA0C422C15EFF7003C2E17 /* ExplorationSceneProtocol.swift in Sources */ = {isa = PBXBuildFile; fileRef = 53FA0C412C15EFF7003C2E17 /* ExplorationSceneProtocol.swift */; };
		53FA0C442C15F18F003C2E17 /* BattleSceneProtocol.swift in Sources */ = {isa = PBXBuildFile; fileRef = 53FA0C432C15F18F003C2E17 /* BattleSceneProtocol.swift */; };
/* End PBXBuildFile section */

/* Begin PBXFileReference section */
		530A57672C136C540045D5CC /* Enemy.swift */ = {isa = PBXFileReference; lastKnownFileType = sourcecode.swift; path = Enemy.swift; sourceTree = "<group>"; };
		530F496F2C19DC1500FF8BEF /* NPC.swift */ = {isa = PBXFileReference; lastKnownFileType = sourcecode.swift; path = NPC.swift; sourceTree = "<group>"; };
		534FC2382C12E10500E8F95A /* BattleScene.sks */ = {isa = PBXFileReference; lastKnownFileType = file.sks; path = BattleScene.sks; sourceTree = "<group>"; };
		534FC23A2C12E28700E8F95A /* BattleScene.swift */ = {isa = PBXFileReference; lastKnownFileType = sourcecode.swift; path = BattleScene.swift; sourceTree = "<group>"; };
		538C4F732C0F598800EE409B /* SpriteKit-Testing.app */ = {isa = PBXFileReference; explicitFileType = wrapper.application; includeInIndex = 0; path = "SpriteKit-Testing.app"; sourceTree = BUILT_PRODUCTS_DIR; };
		538C4F762C0F598800EE409B /* AppDelegate.swift */ = {isa = PBXFileReference; lastKnownFileType = sourcecode.swift; path = AppDelegate.swift; sourceTree = "<group>"; };
		538C4F782C0F598800EE409B /* GameScene.sks */ = {isa = PBXFileReference; lastKnownFileType = file.sks; path = GameScene.sks; sourceTree = "<group>"; };
		538C4F7C2C0F598800EE409B /* GameScene.swift */ = {isa = PBXFileReference; lastKnownFileType = sourcecode.swift; path = GameScene.swift; sourceTree = "<group>"; };
		538C4F7E2C0F598800EE409B /* ViewController.swift */ = {isa = PBXFileReference; lastKnownFileType = sourcecode.swift; path = ViewController.swift; sourceTree = "<group>"; };
		538C4F802C0F598900EE409B /* Assets.xcassets */ = {isa = PBXFileReference; lastKnownFileType = folder.assetcatalog; path = Assets.xcassets; sourceTree = "<group>"; };
		538C4F832C0F598900EE409B /* Base */ = {isa = PBXFileReference; lastKnownFileType = file.storyboard; name = Base; path = Base.lproj/Main.storyboard; sourceTree = "<group>"; };
		538C4F852C0F598900EE409B /* SpriteKit_Testing.entitlements */ = {isa = PBXFileReference; lastKnownFileType = text.plist.entitlements; path = SpriteKit_Testing.entitlements; sourceTree = "<group>"; };
		53BC73F82C173DA600A9E112 /* StartScene.swift */ = {isa = PBXFileReference; lastKnownFileType = sourcecode.swift; path = StartScene.swift; sourceTree = "<group>"; };
		53BC73FA2C173DB400A9E112 /* StartScene.sks */ = {isa = PBXFileReference; lastKnownFileType = file.sks; path = StartScene.sks; sourceTree = "<group>"; };
		53BC73FF2C182B6800A9E112 /* Status.swift */ = {isa = PBXFileReference; lastKnownFileType = sourcecode.swift; path = Status.swift; sourceTree = "<group>"; };
		53BC74012C182B8A00A9E112 /* Direction.swift */ = {isa = PBXFileReference; lastKnownFileType = sourcecode.swift; path = Direction.swift; sourceTree = "<group>"; };
		53E3F3A52C10A4210023E1C0 /* GameTileSet.sks */ = {isa = PBXFileReference; lastKnownFileType = file.sks; path = GameTileSet.sks; sourceTree = "<group>"; };
		53E3F3AE2C11FAB90023E1C0 /* Player.swift */ = {isa = PBXFileReference; lastKnownFileType = sourcecode.swift; path = Player.swift; sourceTree = "<group>"; };
		53FA0C412C15EFF7003C2E17 /* ExplorationSceneProtocol.swift */ = {isa = PBXFileReference; lastKnownFileType = sourcecode.swift; path = ExplorationSceneProtocol.swift; sourceTree = "<group>"; };
		53FA0C432C15F18F003C2E17 /* BattleSceneProtocol.swift */ = {isa = PBXFileReference; lastKnownFileType = sourcecode.swift; path = BattleSceneProtocol.swift; sourceTree = "<group>"; };
/* End PBXFileReference section */

/* Begin PBXFrameworksBuildPhase section */
		538C4F702C0F598800EE409B /* Frameworks */ = {
			isa = PBXFrameworksBuildPhase;
			buildActionMask = 2147483647;
			files = (
			);
			runOnlyForDeploymentPostprocessing = 0;
		};
/* End PBXFrameworksBuildPhase section */

/* Begin PBXGroup section */
		534FC2372C12E0F100E8F95A /* Scenes */ = {
			isa = PBXGroup;
			children = (
				534FC23A2C12E28700E8F95A /* BattleScene.swift */,
				534FC2382C12E10500E8F95A /* BattleScene.sks */,
				538C4F7C2C0F598800EE409B /* GameScene.swift */,
				538C4F782C0F598800EE409B /* GameScene.sks */,
				53BC73F82C173DA600A9E112 /* StartScene.swift */,
				53BC73FA2C173DB400A9E112 /* StartScene.sks */,
			);
			path = Scenes;
			sourceTree = "<group>";
		};
		538C4F6A2C0F598800EE409B = {
			isa = PBXGroup;
			children = (
				538C4F752C0F598800EE409B /* SpriteKit-Testing */,
				538C4F742C0F598800EE409B /* Products */,
			);
			sourceTree = "<group>";
		};
		538C4F742C0F598800EE409B /* Products */ = {
			isa = PBXGroup;
			children = (
				538C4F732C0F598800EE409B /* SpriteKit-Testing.app */,
			);
			name = Products;
			sourceTree = "<group>";
		};
		538C4F752C0F598800EE409B /* SpriteKit-Testing */ = {
			isa = PBXGroup;
			children = (
				53BC73FE2C182B5900A9E112 /* Enums */,
				53FA0C402C15EFE0003C2E17 /* Protocols */,
				53E3F3AD2C11FAAD0023E1C0 /* Models */,
				534FC2372C12E0F100E8F95A /* Scenes */,
				538C4F762C0F598800EE409B /* AppDelegate.swift */,
				538C4F7E2C0F598800EE409B /* ViewController.swift */,
				53E3F3A52C10A4210023E1C0 /* GameTileSet.sks */,
				538C4F802C0F598900EE409B /* Assets.xcassets */,
				538C4F822C0F598900EE409B /* Main.storyboard */,
				538C4F852C0F598900EE409B /* SpriteKit_Testing.entitlements */,
			);
			path = "SpriteKit-Testing";
			sourceTree = "<group>";
		};
		53BC73FE2C182B5900A9E112 /* Enums */ = {
			isa = PBXGroup;
			children = (
				53BC73FF2C182B6800A9E112 /* Status.swift */,
				53BC74012C182B8A00A9E112 /* Direction.swift */,
			);
			path = Enums;
			sourceTree = "<group>";
		};
		53E3F3AD2C11FAAD0023E1C0 /* Models */ = {
			isa = PBXGroup;
			children = (
				53E3F3AE2C11FAB90023E1C0 /* Player.swift */,
				530A57672C136C540045D5CC /* Enemy.swift */,
				530F496F2C19DC1500FF8BEF /* NPC.swift */,
			);
			path = Models;
			sourceTree = "<group>";
		};
		53FA0C402C15EFE0003C2E17 /* Protocols */ = {
			isa = PBXGroup;
			children = (
				53FA0C412C15EFF7003C2E17 /* ExplorationSceneProtocol.swift */,
				53FA0C432C15F18F003C2E17 /* BattleSceneProtocol.swift */,
			);
			path = Protocols;
			sourceTree = "<group>";
		};
/* End PBXGroup section */

/* Begin PBXNativeTarget section */
		538C4F722C0F598800EE409B /* SpriteKit-Testing */ = {
			isa = PBXNativeTarget;
			buildConfigurationList = 538C4F882C0F598900EE409B /* Build configuration list for PBXNativeTarget "SpriteKit-Testing" */;
			buildPhases = (
				538C4F6F2C0F598800EE409B /* Sources */,
				538C4F702C0F598800EE409B /* Frameworks */,
				538C4F712C0F598800EE409B /* Resources */,
			);
			buildRules = (
			);
			dependencies = (
			);
			name = "SpriteKit-Testing";
			productName = "SpriteKit-Testing";
			productReference = 538C4F732C0F598800EE409B /* SpriteKit-Testing.app */;
			productType = "com.apple.product-type.application";
		};
/* End PBXNativeTarget section */

/* Begin PBXProject section */
		538C4F6B2C0F598800EE409B /* Project object */ = {
			isa = PBXProject;
			attributes = {
				BuildIndependentTargetsInParallel = 1;
				LastSwiftUpdateCheck = 1540;
				LastUpgradeCheck = 1540;
				TargetAttributes = {
					538C4F722C0F598800EE409B = {
						CreatedOnToolsVersion = 15.4;
					};
				};
			};
			buildConfigurationList = 538C4F6E2C0F598800EE409B /* Build configuration list for PBXProject "SpriteKit-Testing" */;
			compatibilityVersion = "Xcode 14.0";
			developmentRegion = en;
			hasScannedForEncodings = 0;
			knownRegions = (
				en,
				Base,
			);
			mainGroup = 538C4F6A2C0F598800EE409B;
			productRefGroup = 538C4F742C0F598800EE409B /* Products */;
			projectDirPath = "";
			projectRoot = "";
			targets = (
				538C4F722C0F598800EE409B /* SpriteKit-Testing */,
			);
		};
/* End PBXProject section */

/* Begin PBXResourcesBuildPhase section */
		538C4F712C0F598800EE409B /* Resources */ = {
			isa = PBXResourcesBuildPhase;
			buildActionMask = 2147483647;
			files = (
				53BC73FB2C173DB400A9E112 /* StartScene.sks in Resources */,
				53E3F3A62C10A4210023E1C0 /* GameTileSet.sks in Resources */,
				538C4F792C0F598800EE409B /* GameScene.sks in Resources */,
				534FC2392C12E10500E8F95A /* BattleScene.sks in Resources */,
				538C4F812C0F598900EE409B /* Assets.xcassets in Resources */,
				538C4F842C0F598900EE409B /* Base in Resources */,
			);
			runOnlyForDeploymentPostprocessing = 0;
		};
/* End PBXResourcesBuildPhase section */

/* Begin PBXSourcesBuildPhase section */
		538C4F6F2C0F598800EE409B /* Sources */ = {
			isa = PBXSourcesBuildPhase;
			buildActionMask = 2147483647;
			files = (
				53FA0C442C15F18F003C2E17 /* BattleSceneProtocol.swift in Sources */,
				530A57682C136C540045D5CC /* Enemy.swift in Sources */,
				538C4F7F2C0F598800EE409B /* ViewController.swift in Sources */,
				53BC74002C182B6800A9E112 /* Status.swift in Sources */,
				538C4F7D2C0F598800EE409B /* GameScene.swift in Sources */,
				530F49702C19DC1500FF8BEF /* NPC.swift in Sources */,
				534FC23B2C12E28700E8F95A /* BattleScene.swift in Sources */,
				53E3F3AF2C11FAB90023E1C0 /* Player.swift in Sources */,
				538C4F772C0F598800EE409B /* AppDelegate.swift in Sources */,
				53BC73F92C173DA600A9E112 /* StartScene.swift in Sources */,
				53FA0C422C15EFF7003C2E17 /* ExplorationSceneProtocol.swift in Sources */,
				53BC74022C182B8A00A9E112 /* Direction.swift in Sources */,
			);
			runOnlyForDeploymentPostprocessing = 0;
		};
/* End PBXSourcesBuildPhase section */

/* Begin PBXVariantGroup section */
		538C4F822C0F598900EE409B /* Main.storyboard */ = {
			isa = PBXVariantGroup;
			children = (
				538C4F832C0F598900EE409B /* Base */,
			);
			name = Main.storyboard;
			sourceTree = "<group>";
		};
/* End PBXVariantGroup section */

/* Begin XCBuildConfiguration section */
		538C4F862C0F598900EE409B /* Debug */ = {
			isa = XCBuildConfiguration;
			buildSettings = {
				ALWAYS_SEARCH_USER_PATHS = NO;
				ASSETCATALOG_COMPILER_GENERATE_SWIFT_ASSET_SYMBOL_EXTENSIONS = YES;
				CLANG_ANALYZER_NONNULL = YES;
				CLANG_ANALYZER_NUMBER_OBJECT_CONVERSION = YES_AGGRESSIVE;
				CLANG_CXX_LANGUAGE_STANDARD = "gnu++20";
				CLANG_ENABLE_MODULES = YES;
				CLANG_ENABLE_OBJC_ARC = YES;
				CLANG_ENABLE_OBJC_WEAK = YES;
				CLANG_WARN_BLOCK_CAPTURE_AUTORELEASING = YES;
				CLANG_WARN_BOOL_CONVERSION = YES;
				CLANG_WARN_COMMA = YES;
				CLANG_WARN_CONSTANT_CONVERSION = YES;
				CLANG_WARN_DEPRECATED_OBJC_IMPLEMENTATIONS = YES;
				CLANG_WARN_DIRECT_OBJC_ISA_USAGE = YES_ERROR;
				CLANG_WARN_DOCUMENTATION_COMMENTS = YES;
				CLANG_WARN_EMPTY_BODY = YES;
				CLANG_WARN_ENUM_CONVERSION = YES;
				CLANG_WARN_INFINITE_RECURSION = YES;
				CLANG_WARN_INT_CONVERSION = YES;
				CLANG_WARN_NON_LITERAL_NULL_CONVERSION = YES;
				CLANG_WARN_OBJC_IMPLICIT_RETAIN_SELF = YES;
				CLANG_WARN_OBJC_LITERAL_CONVERSION = YES;
				CLANG_WARN_OBJC_ROOT_CLASS = YES_ERROR;
				CLANG_WARN_QUOTED_INCLUDE_IN_FRAMEWORK_HEADER = YES;
				CLANG_WARN_RANGE_LOOP_ANALYSIS = YES;
				CLANG_WARN_STRICT_PROTOTYPES = YES;
				CLANG_WARN_SUSPICIOUS_MOVE = YES;
				CLANG_WARN_UNGUARDED_AVAILABILITY = YES_AGGRESSIVE;
				CLANG_WARN_UNREACHABLE_CODE = YES;
				CLANG_WARN__DUPLICATE_METHOD_MATCH = YES;
				COPY_PHASE_STRIP = NO;
				DEBUG_INFORMATION_FORMAT = dwarf;
				ENABLE_STRICT_OBJC_MSGSEND = YES;
				ENABLE_TESTABILITY = YES;
				ENABLE_USER_SCRIPT_SANDBOXING = YES;
				GCC_C_LANGUAGE_STANDARD = gnu17;
				GCC_DYNAMIC_NO_PIC = NO;
				GCC_NO_COMMON_BLOCKS = YES;
				GCC_OPTIMIZATION_LEVEL = 0;
				GCC_PREPROCESSOR_DEFINITIONS = (
					"DEBUG=1",
					"$(inherited)",
				);
				GCC_WARN_64_TO_32_BIT_CONVERSION = YES;
				GCC_WARN_ABOUT_RETURN_TYPE = YES_ERROR;
				GCC_WARN_UNDECLARED_SELECTOR = YES;
				GCC_WARN_UNINITIALIZED_AUTOS = YES_AGGRESSIVE;
				GCC_WARN_UNUSED_FUNCTION = YES;
				GCC_WARN_UNUSED_VARIABLE = YES;
				LOCALIZATION_PREFERS_STRING_CATALOGS = YES;
				MACOSX_DEPLOYMENT_TARGET = 14.4;
				MTL_ENABLE_DEBUG_INFO = INCLUDE_SOURCE;
				MTL_FAST_MATH = YES;
				ONLY_ACTIVE_ARCH = YES;
				SDKROOT = macosx;
				SWIFT_ACTIVE_COMPILATION_CONDITIONS = "DEBUG $(inherited)";
				SWIFT_OPTIMIZATION_LEVEL = "-Onone";
			};
			name = Debug;
		};
		538C4F872C0F598900EE409B /* Release */ = {
			isa = XCBuildConfiguration;
			buildSettings = {
				ALWAYS_SEARCH_USER_PATHS = NO;
				ASSETCATALOG_COMPILER_GENERATE_SWIFT_ASSET_SYMBOL_EXTENSIONS = YES;
				CLANG_ANALYZER_NONNULL = YES;
				CLANG_ANALYZER_NUMBER_OBJECT_CONVERSION = YES_AGGRESSIVE;
				CLANG_CXX_LANGUAGE_STANDARD = "gnu++20";
				CLANG_ENABLE_MODULES = YES;
				CLANG_ENABLE_OBJC_ARC = YES;
				CLANG_ENABLE_OBJC_WEAK = YES;
				CLANG_WARN_BLOCK_CAPTURE_AUTORELEASING = YES;
				CLANG_WARN_BOOL_CONVERSION = YES;
				CLANG_WARN_COMMA = YES;
				CLANG_WARN_CONSTANT_CONVERSION = YES;
				CLANG_WARN_DEPRECATED_OBJC_IMPLEMENTATIONS = YES;
				CLANG_WARN_DIRECT_OBJC_ISA_USAGE = YES_ERROR;
				CLANG_WARN_DOCUMENTATION_COMMENTS = YES;
				CLANG_WARN_EMPTY_BODY = YES;
				CLANG_WARN_ENUM_CONVERSION = YES;
				CLANG_WARN_INFINITE_RECURSION = YES;
				CLANG_WARN_INT_CONVERSION = YES;
				CLANG_WARN_NON_LITERAL_NULL_CONVERSION = YES;
				CLANG_WARN_OBJC_IMPLICIT_RETAIN_SELF = YES;
				CLANG_WARN_OBJC_LITERAL_CONVERSION = YES;
				CLANG_WARN_OBJC_ROOT_CLASS = YES_ERROR;
				CLANG_WARN_QUOTED_INCLUDE_IN_FRAMEWORK_HEADER = YES;
				CLANG_WARN_RANGE_LOOP_ANALYSIS = YES;
				CLANG_WARN_STRICT_PROTOTYPES = YES;
				CLANG_WARN_SUSPICIOUS_MOVE = YES;
				CLANG_WARN_UNGUARDED_AVAILABILITY = YES_AGGRESSIVE;
				CLANG_WARN_UNREACHABLE_CODE = YES;
				CLANG_WARN__DUPLICATE_METHOD_MATCH = YES;
				COPY_PHASE_STRIP = NO;
				DEBUG_INFORMATION_FORMAT = "dwarf-with-dsym";
				ENABLE_NS_ASSERTIONS = NO;
				ENABLE_STRICT_OBJC_MSGSEND = YES;
				ENABLE_USER_SCRIPT_SANDBOXING = YES;
				GCC_C_LANGUAGE_STANDARD = gnu17;
				GCC_NO_COMMON_BLOCKS = YES;
				GCC_WARN_64_TO_32_BIT_CONVERSION = YES;
				GCC_WARN_ABOUT_RETURN_TYPE = YES_ERROR;
				GCC_WARN_UNDECLARED_SELECTOR = YES;
				GCC_WARN_UNINITIALIZED_AUTOS = YES_AGGRESSIVE;
				GCC_WARN_UNUSED_FUNCTION = YES;
				GCC_WARN_UNUSED_VARIABLE = YES;
				LOCALIZATION_PREFERS_STRING_CATALOGS = YES;
				MACOSX_DEPLOYMENT_TARGET = 14.4;
				MTL_ENABLE_DEBUG_INFO = NO;
				MTL_FAST_MATH = YES;
				SDKROOT = macosx;
				SWIFT_COMPILATION_MODE = wholemodule;
			};
			name = Release;
		};
		538C4F892C0F598900EE409B /* Debug */ = {
			isa = XCBuildConfiguration;
			buildSettings = {
				ASSETCATALOG_COMPILER_APPICON_NAME = AppIcon;
				ASSETCATALOG_COMPILER_GLOBAL_ACCENT_COLOR_NAME = AccentColor;
				CODE_SIGN_ENTITLEMENTS = "SpriteKit-Testing/SpriteKit_Testing.entitlements";
				CODE_SIGN_STYLE = Automatic;
				COMBINE_HIDPI_IMAGES = YES;
				CURRENT_PROJECT_VERSION = 1;
				DEVELOPMENT_TEAM = XJ7Y6VR3NN;
				ENABLE_HARDENED_RUNTIME = YES;
				GENERATE_INFOPLIST_FILE = YES;
				INFOPLIST_KEY_NSHumanReadableCopyright = "";
				INFOPLIST_KEY_NSMainStoryboardFile = Main;
				INFOPLIST_KEY_NSPrincipalClass = NSApplication;
				LD_RUNPATH_SEARCH_PATHS = (
					"$(inherited)",
					"@executable_path/../Frameworks",
				);
				MARKETING_VERSION = 1.0;
				PRODUCT_BUNDLE_IDENTIFIER = "com.christophertessy.SpriteKit-Testing";
				PRODUCT_NAME = "$(TARGET_NAME)";
				SWIFT_EMIT_LOC_STRINGS = YES;
				SWIFT_VERSION = 5.0;
			};
			name = Debug;
		};
		538C4F8A2C0F598900EE409B /* Release */ = {
			isa = XCBuildConfiguration;
			buildSettings = {
				ASSETCATALOG_COMPILER_APPICON_NAME = AppIcon;
				ASSETCATALOG_COMPILER_GLOBAL_ACCENT_COLOR_NAME = AccentColor;
				CODE_SIGN_ENTITLEMENTS = "SpriteKit-Testing/SpriteKit_Testing.entitlements";
				CODE_SIGN_STYLE = Automatic;
				COMBINE_HIDPI_IMAGES = YES;
				CURRENT_PROJECT_VERSION = 1;
				DEVELOPMENT_TEAM = XJ7Y6VR3NN;
				ENABLE_HARDENED_RUNTIME = YES;
				GENERATE_INFOPLIST_FILE = YES;
				INFOPLIST_KEY_NSHumanReadableCopyright = "";
				INFOPLIST_KEY_NSMainStoryboardFile = Main;
				INFOPLIST_KEY_NSPrincipalClass = NSApplication;
				LD_RUNPATH_SEARCH_PATHS = (
					"$(inherited)",
					"@executable_path/../Frameworks",
				);
				MARKETING_VERSION = 1.0;
				PRODUCT_BUNDLE_IDENTIFIER = "com.christophertessy.SpriteKit-Testing";
				PRODUCT_NAME = "$(TARGET_NAME)";
				SWIFT_EMIT_LOC_STRINGS = YES;
				SWIFT_VERSION = 5.0;
			};
			name = Release;
		};
/* End XCBuildConfiguration section */

/* Begin XCConfigurationList section */
		538C4F6E2C0F598800EE409B /* Build configuration list for PBXProject "SpriteKit-Testing" */ = {
			isa = XCConfigurationList;
			buildConfigurations = (
				538C4F862C0F598900EE409B /* Debug */,
				538C4F872C0F598900EE409B /* Release */,
			);
			defaultConfigurationIsVisible = 0;
			defaultConfigurationName = Release;
		};
		538C4F882C0F598900EE409B /* Build configuration list for PBXNativeTarget "SpriteKit-Testing" */ = {
			isa = XCConfigurationList;
			buildConfigurations = (
				538C4F892C0F598900EE409B /* Debug */,
				538C4F8A2C0F598900EE409B /* Release */,
			);
			defaultConfigurationIsVisible = 0;
			defaultConfigurationName = Release;
		};
/* End XCConfigurationList section */
	};
	rootObject = 538C4F6B2C0F598800EE409B /* Project object */;
}
